
Microsoft Visual Studio Solution File, Format Version 12.00
# Visual Studio Version 16
VisualStudioVersion = 16.0.31025.194
MinimumVisualStudioVersion = 10.0.40219.1
Project("{9A19103F-16F7-4668-BE54-9A1E7A4F7556}") = "FrontendPlatypus", "FrontendPlatypus.csproj", "{5E49AB7E-C5DF-4208-8658-01A5B58518C9}"
EndProject
Project("{9A19103F-16F7-4668-BE54-9A1E7A4F7556}") = "BackendPlatypus", "..\PlatypusBackend\BackendPlatypus.csproj", "{EE2379B0-3D74-4976-8B81-2FB8279A4BC3}"
EndProject
Project("{9A19103F-16F7-4668-BE54-9A1E7A4F7556}") = "ConnectionSQL", "..\PlatypusConectionSQL\ConnectionSQL.csproj", "{0DDB5440-9BC1-49AC-A5E2-69409A149BF3}"
EndProject
Global
	GlobalSection(SolutionConfigurationPlatforms) = preSolution
		Debug|Any CPU = Debug|Any CPU
		Release|Any CPU = Release|Any CPU
	EndGlobalSection
	GlobalSection(ProjectConfigurationPlatforms) = postSolution
		{5E49AB7E-C5DF-4208-8658-01A5B58518C9}.Debug|Any CPU.ActiveCfg = Debug|Any CPU
		{5E49AB7E-C5DF-4208-8658-01A5B58518C9}.Debug|Any CPU.Build.0 = Debug|Any CPU
		{5E49AB7E-C5DF-4208-8658-01A5B58518C9}.Release|Any CPU.ActiveCfg = Release|Any CPU
		{5E49AB7E-C5DF-4208-8658-01A5B58518C9}.Release|Any CPU.Build.0 = Release|Any CPU
		{EE2379B0-3D74-4976-8B81-2FB8279A4BC3}.Debug|Any CPU.ActiveCfg = Debug|Any CPU
		{EE2379B0-3D74-4976-8B81-2FB8279A4BC3}.Debug|Any CPU.Build.0 = Debug|Any CPU
		{EE2379B0-3D74-4976-8B81-2FB8279A4BC3}.Release|Any CPU.ActiveCfg = Release|Any CPU
		{EE2379B0-3D74-4976-8B81-2FB8279A4BC3}.Release|Any CPU.Build.0 = Release|Any CPU
		{0DDB5440-9BC1-49AC-A5E2-69409A149BF3}.Debug|Any CPU.ActiveCfg = Debug|Any CPU
		{0DDB5440-9BC1-49AC-A5E2-69409A149BF3}.Debug|Any CPU.Build.0 = Debug|Any CPU
		{0DDB5440-9BC1-49AC-A5E2-69409A149BF3}.Release|Any CPU.ActiveCfg = Release|Any CPU
		{0DDB5440-9BC1-49AC-A5E2-69409A149BF3}.Release|Any CPU.Build.0 = Release|Any CPU
	EndGlobalSection
	GlobalSection(SolutionProperties) = preSolution
		HideSolutionNode = FALSE
	EndGlobalSection
	GlobalSection(ExtensibilityGlobals) = postSolution
		SolutionGuid = {32DC6C8B-0835-46A1-AB88-CE19D4093B8A}
	EndGlobalSection
EndGlobal
