
Microsoft Visual Studio Solution File, Format Version 12.00
# Visual Studio Version 16
VisualStudioVersion = 16.0.32228.343
MinimumVisualStudioVersion = 10.0.40219.1
Project("{9A19103F-16F7-4668-BE54-9A1E7A4F7556}") = "MiCalculadora", "MiCalculadora\MiCalculadora.csproj", "{09690820-C256-4ABE-AA60-C9A25120CDB8}"
EndProject
Project("{9A19103F-16F7-4668-BE54-9A1E7A4F7556}") = "Entidades", "Entidades\Entidades.csproj", "{C9DE822C-9198-4B8E-A751-F8713A0F2F8A}"
EndProject
Global
	GlobalSection(SolutionConfigurationPlatforms) = preSolution
		Debug|Any CPU = Debug|Any CPU
		Release|Any CPU = Release|Any CPU
	EndGlobalSection
	GlobalSection(ProjectConfigurationPlatforms) = postSolution
		{09690820-C256-4ABE-AA60-C9A25120CDB8}.Debug|Any CPU.ActiveCfg = Debug|Any CPU
		{09690820-C256-4ABE-AA60-C9A25120CDB8}.Debug|Any CPU.Build.0 = Debug|Any CPU
		{09690820-C256-4ABE-AA60-C9A25120CDB8}.Release|Any CPU.ActiveCfg = Release|Any CPU
		{09690820-C256-4ABE-AA60-C9A25120CDB8}.Release|Any CPU.Build.0 = Release|Any CPU
		{C9DE822C-9198-4B8E-A751-F8713A0F2F8A}.Debug|Any CPU.ActiveCfg = Debug|Any CPU
		{C9DE822C-9198-4B8E-A751-F8713A0F2F8A}.Debug|Any CPU.Build.0 = Debug|Any CPU
		{C9DE822C-9198-4B8E-A751-F8713A0F2F8A}.Release|Any CPU.ActiveCfg = Release|Any CPU
		{C9DE822C-9198-4B8E-A751-F8713A0F2F8A}.Release|Any CPU.Build.0 = Release|Any CPU
	EndGlobalSection
	GlobalSection(SolutionProperties) = preSolution
		HideSolutionNode = FALSE
	EndGlobalSection
	GlobalSection(ExtensibilityGlobals) = postSolution
		SolutionGuid = {DDDFF800-354B-4EAA-AF62-7524D668E4C3}
	EndGlobalSection
EndGlobal
